
Microsoft Visual Studio Solution File, Format Version 12.00
# Visual Studio Version 16
VisualStudioVersion = 16.0.29306.81
MinimumVisualStudioVersion = 10.0.40219.1
Project("{9A19103F-16F7-4668-BE54-9A1E7A4F7556}") = "TailwindTraders.ShippingManagement", "TailwindTraders.ShippingManagement.csproj", "{386031A1-BF10-4FBC-A661-1C3B6D91E543}"
EndProject
Global
	GlobalSection(SolutionConfigurationPlatforms) = preSolution
		Debug|Any CPU = Debug|Any CPU
		Release|Any CPU = Release|Any CPU
	EndGlobalSection
	GlobalSection(ProjectConfigurationPlatforms) = postSolution
		{386031A1-BF10-4FBC-A661-1C3B6D91E543}.Debug|Any CPU.ActiveCfg = Debug|Any CPU
		{386031A1-BF10-4FBC-A661-1C3B6D91E543}.Debug|Any CPU.Build.0 = Debug|Any CPU
		{386031A1-BF10-4FBC-A661-1C3B6D91E543}.Release|Any CPU.ActiveCfg = Release|Any CPU
		{386031A1-BF10-4FBC-A661-1C3B6D91E543}.Release|Any CPU.Build.0 = Release|Any CPU
	EndGlobalSection
	GlobalSection(SolutionProperties) = preSolution
		HideSolutionNode = FALSE
	EndGlobalSection
	GlobalSection(ExtensibilityGlobals) = postSolution
		SolutionGuid = {15FBA80A-8C97-408E-A1B6-BA05B6BAD109}
	EndGlobalSection
EndGlobal
